{
  "pins" : [
    {
      "identity" : "ios-driver-sdk",
      "kind" : "remoteSourceControl",
      "location" : "https://github.com/googlemaps/ios-driver-sdk",
      "state" : {
        "revision" : "6fd7075eb831cec6c59e244f5f5a75267009872b",
        "version" : "10.0.0"
      }
    },
    {
      "identity" : "ios-maps-sdk",
      "kind" : "remoteSourceControl",
      "location" : "https://github.com/googlemaps/ios-maps-sdk",
      "state" : {
        "revision" : "71e09fe4c751d59d7b1e524e998f786b429b1b14",
        "version" : "10.6.0"
      }
    },
    {
      "identity" : "ios-navigation-sdk",
      "kind" : "remoteSourceControl",
      "location" : "https://github.com/googlemaps/ios-navigation-sdk",
      "state" : {
        "revision" : "bcee02b433831d29d1ac12a62038fd009c333f7b",
        "version" : "10.6.0"
      }
    }
  ],
  "version" : 2
}
